lockfileVersion: '6.1'

settings:
  autoInstallPeers: true
  excludeLinksFromLockfile: false

dependencies:
  '@chainsafe/ssz':
    specifier: ^0.11.1
    version: 0.11.1
  '@lodestar/types':
    specifier: ^1.9.0
    version: 1.9.0
  ethers:
    specifier: ^6.6.1
    version: 6.6.1
  node-fetch:
    specifier: ^3.3.1
    version: 3.3.1

packages:

  /@adraffy/ens-normalize@1.9.2:
    resolution: {integrity: sha512-0h+FrQDqe2Wn+IIGFkTCd4aAwTJ+7834Ek1COohCyV26AXhwQ7WQaz+4F/nLOeVl/3BtWHOHLPsq46V8YB46Eg==}
    dev: false

  /@chainsafe/as-sha256@0.3.1:
    resolution: {integrity: sha512-hldFFYuf49ed7DAakWVXSJODuq3pzJEguD8tQ7h+sGkM18vja+OFoJI9krnGmgzyuZC2ETX0NOIcCTy31v2Mtg==}
    dev: false

  /@chainsafe/as-sha256@0.4.1:
    resolution: {integrity: sha512-IqeeGwQihK6Y2EYLFofqs2eY2ep1I2MvQXHzOAI+5iQN51OZlUkrLgyAugu2x86xZewDk5xas7lNczkzFzF62w==}
    dev: false

  /@chainsafe/persistent-merkle-tree@0.5.0:
    resolution: {integrity: sha512-l0V1b5clxA3iwQLXP40zYjyZYospQLZXzBVIhhr9kDg/1qHZfzzHw0jj4VPBijfYCArZDlPkRi1wZaV2POKeuw==}
    dependencies:
      '@chainsafe/as-sha256': 0.3.1
    dev: false

  /@chainsafe/persistent-merkle-tree@0.6.1:
    resolution: {integrity: sha512-gcENLemRR13+1MED2NeZBMA7FRS0xQPM7L2vhMqvKkjqtFT4YfjSVADq5U0iLuQLhFUJEMVuA8fbv5v+TN6O9A==}
    dependencies:
      '@chainsafe/as-sha256': 0.4.1
      '@noble/hashes': 1.3.1
    dev: false

  /@chainsafe/ssz@0.10.2:
    resolution: {integrity: sha512-/NL3Lh8K+0q7A3LsiFq09YXS9fPE+ead2rr7vM2QK8PLzrNsw3uqrif9bpRX5UxgeRjM+vYi+boCM3+GM4ovXg==}
    dependencies:
      '@chainsafe/as-sha256': 0.3.1
      '@chainsafe/persistent-merkle-tree': 0.5.0
    dev: false

  /@chainsafe/ssz@0.11.1:
    resolution: {integrity: sha512-cB8dBkgGN6ZoeOKuk+rIRHKN0L5i9JLGeC0Lui71QX0TuLcQKwgbfkUexpyJxnGFatWf8yeJxlOjozMn/OTP0g==}
    dependencies:
      '@chainsafe/as-sha256': 0.4.1
      '@chainsafe/persistent-merkle-tree': 0.6.1
    dev: false

  /@lodestar/params@1.9.0:
    resolution: {integrity: sha512-Nc6C4tfvUjG3K2dsgZK31b5K549LJ4SB5fn91Nj37Psh6ggll/0zXwQ93Ujj2XlmjshDZyt/NehVIMZ7XqZvWA==}
    dev: false

  /@lodestar/types@1.9.0:
    resolution: {integrity: sha512-JBnhtlk8/rDyZzDjSa+AnPaAqoCRCyXpa4xccM0vgmlaoHcS4+4GwdFy28yMpl3ba+Q/H1pH5CrOBr4N8qaTKw==}
    dependencies:
      '@chainsafe/ssz': 0.10.2
      '@lodestar/params': 1.9.0
    dev: false

  /@noble/hashes@1.1.2:
    resolution: {integrity: sha512-KYRCASVTv6aeUi1tsF8/vpyR7zpfs3FUzy2Jqm+MU+LmUKhQ0y2FpfwqkCcxSg2ua4GALJd8k2R76WxwZGbQpA==}
    dev: false

  /@noble/hashes@1.3.1:
    resolution: {integrity: sha512-EbqwksQwz9xDRGfDST86whPBgM65E0OH/pCgqW0GBVzO22bNE+NuIbeTb714+IfSjU3aRk47EUvXIb5bTsenKA==}
    engines: {node: '>= 16'}
    dev: false

  /@noble/secp256k1@1.7.1:
    resolution: {integrity: sha512-hOUk6AyBFmqVrv7k5WAw/LpszxVbj9gGN4JRkIX52fdFAj1UA61KXmZDvqVEm+pOyec3+fIeZB02LYa/pWOArw==}
    dev: false

  /@types/node@18.15.13:
    resolution: {integrity: sha512-N+0kuo9KgrUQ1Sn/ifDXsvg0TTleP7rIy4zOBGECxAljqvqfqpTfzx0Q1NUedOixRMBfe2Whhb056a42cWs26Q==}
    dev: false

  /aes-js@4.0.0-beta.5:
    resolution: {integrity: sha512-G965FqalsNyrPqgEGON7nIx1e/OVENSgiEIzyC63haUMuvNnwIgIjMs52hlTCKhkBny7A2ORNlfY9Zu+jmGk1Q==}
    dev: false

  /data-uri-to-buffer@4.0.1:
    resolution: {integrity: sha512-0R9ikRb668HB7QDxT1vkpuUBtqc53YyAwMwGeUFKRojY/NWKvdZ+9UYtRfGmhqNbRkTSVpMbmyhXipFFv2cb/A==}
    engines: {node: '>= 12'}
    dev: false

  /ethers@6.6.1:
    resolution: {integrity: sha512-bjNPf/EU4l1jQlAslOmOlyHqjOnM0W7LRPuSf0Kt0tYV4RpUEZsdGWDhvFXfogIhfzXJ/v2tPz4HqXwBt5T8mA==}
    engines: {node: '>=14.0.0'}
    dependencies:
      '@adraffy/ens-normalize': 1.9.2
      '@noble/hashes': 1.1.2
      '@noble/secp256k1': 1.7.1
      '@types/node': 18.15.13
      aes-js: 4.0.0-beta.5
      tslib: 2.4.0
      ws: 8.5.0
    transitivePeerDependencies:
      - bufferutil
      - utf-8-validate
    dev: false

  /fetch-blob@3.2.0:
    resolution: {integrity: sha512-7yAQpD2UMJzLi1Dqv7qFYnPbaPx7ZfFK6PiIxQ4PfkGPyNyl2Ugx+a/umUonmKqjhM4DnfbMvdX6otXq83soQQ==}
    engines: {node: ^12.20 || >= 14.13}
    dependencies:
      node-domexception: 1.0.0
      web-streams-polyfill: 3.2.1
    dev: false

  /formdata-polyfill@4.0.10:
    resolution: {integrity: sha512-buewHzMvYL29jdeQTVILecSaZKnt/RJWjoZCF5OW60Z67/GmSLBkOFM7qh1PI3zFNtJbaZL5eQu1vLfazOwj4g==}
    engines: {node: '>=12.20.0'}
    dependencies:
      fetch-blob: 3.2.0
    dev: false

  /node-domexception@1.0.0:
    resolution: {integrity: sha512-/jKZoMpw0F8GRwl4/eLROPA3cfcXtLApP0QzLmUT/HuPCZWyB7IY9ZrMeKw2O/nFIqPQB3PVM9aYm0F312AXDQ==}
    engines: {node: '>=10.5.0'}
    dev: false

  /node-fetch@3.3.1:
    resolution: {integrity: sha512-cRVc/kyto/7E5shrWca1Wsea4y6tL9iYJE5FBCius3JQfb/4P4I295PfhgbJQBLTx6lATE4z+wK0rPM4VS2uow==}
    engines: {node: ^12.20.0 || ^14.13.1 || >=16.0.0}
    dependencies:
      data-uri-to-buffer: 4.0.1
      fetch-blob: 3.2.0
      formdata-polyfill: 4.0.10
    dev: false

  /tslib@2.4.0:
    resolution: {integrity: sha512-d6xOpEDfsi2CZVlPQzGeux8XMwLT9hssAsaPYExaQMuYskwb+x1x7J371tWlbBdWHroy99KnVB6qIkUbs5X3UQ==}
    dev: false

  /web-streams-polyfill@3.2.1:
    resolution: {integrity: sha512-e0MO3wdXWKrLbL0DgGnUV7WHVuw9OUvL4hjgnPkIeEvESk74gAITi5G606JtZPp39cd8HA9VQzCIvA49LpPN5Q==}
    engines: {node: '>= 8'}
    dev: false

  /ws@8.5.0:
    resolution: {integrity: sha512-BWX0SWVgLPzYwF8lTzEy1egjhS4S4OEAHfsO8o65WOVsrnSRGaSiUaa9e0ggGlkMTtBlmOpEXiie9RUcBO86qg==}
    engines: {node: '>=10.0.0'}
    peerDependencies:
      bufferutil: ^4.0.1
      utf-8-validate: ^5.0.2
    peerDependenciesMeta:
      bufferutil:
        optional: true
      utf-8-validate:
        optional: true
    dev: false
